<?xml version="1.0" encoding="Windows-1252"?>
<Project ToolsVersion="12.0" xmlns="http://schemas.microsoft.com/developer/msbuild/2003">
  <ItemGroup>
    <ClCompile Include="main.cpp">
      <Filter>Source Files</Filter>
    </ClCompile>
    <ClCompile Include="stdafx.cpp">
      <Filter>Source Files</Filter>
    </ClCompile>
    <ClCompile Include="FactoryRegistry.cpp">
      <Filter>Source Files</Filter>
    </ClCompile>
    <ClCompile Include="KnightDemoApp.cpp">
      <Filter>Demo</Filter>
    </ClCompile>
    <ClCompile Include="GameEngine.cpp">
      <Filter>Source Files</Filter>
    </ClCompile>
    <ClCompile Include="GameState.cpp">
      <Filter>Source Files</Filter>
    </ClCompile>
  </ItemGroup>
  <ItemGroup>
    <ClInclude Include="EngineDefines.h">
      <Filter>Header Files</Filter>
    </ClInclude>
    <ClInclude Include="stdafx.h">
      <Filter>Header Files</Filter>
    </ClInclude>
    <ClInclude Include="EngineStringLiterals.h">
      <Filter>Header Files</Filter>
    </ClInclude>
    <ClInclude Include="FactoryRegistry.h">
      <Filter>Header Files</Filter>
    </ClInclude>
    <ClInclude Include="CallbackContainer.h">
      <Filter>Header Files</Filter>
    </ClInclude>
    <ClInclude Include="FancyFactory.h">
      <Filter>Header Files\Utility</Filter>
    </ClInclude>
    <ClInclude Include="Singleton.h">
      <Filter>Header Files\Utility</Filter>
    </ClInclude>
    <ClInclude Include="EngineParams.h">
      <Filter>Header Files</Filter>
    </ClInclude>
    <ClInclude Include="KnightDemoApp.h">
      <Filter>Demo</Filter>
    </ClInclude>
    <ClInclude Include="IGraphics.h">
      <Filter>Header Files\Interfaces</Filter>
    </ClInclude>
    <ClInclude Include="IEngineState.h">
      <Filter>Header Files\Interfaces</Filter>
    </ClInclude>
    <ClInclude Include="ICameraNode.h">
      <Filter>Header Files\Interfaces</Filter>
    </ClInclude>
    <ClInclude Include="IRenderer.h">
      <Filter>Header Files\Interfaces</Filter>
    </ClInclude>
    <ClInclude Include="GameState.h">
      <Filter>Header Files\Concrete</Filter>
    </ClInclude>
    <ClInclude Include="GameEngine.h">
      <Filter>Header Files\Concrete</Filter>
    </ClInclude>
    <ClInclude Include="GLFWGraphics.h">
      <Filter>Header Files\Concrete</Filter>
    </ClInclude>
  </ItemGroup>
  <ItemGroup>
    <Filter Include="Source Files">
      <UniqueIdentifier>{C7BDBA07-F5A2-4CD6-8C52-3B5026B360A6}</UniqueIdentifier>
    </Filter>
    <Filter Include="Header Files">
      <UniqueIdentifier>{39B26711-CADD-4031-BFDE-832E1AC4F8FA}</UniqueIdentifier>
    </Filter>
    <Filter Include="Header Files\Utility">
      <UniqueIdentifier>{11813f0a-d0ed-4099-afad-0069f3538e53}</UniqueIdentifier>
    </Filter>
    <Filter Include="Demo">
      <UniqueIdentifier>{d5921c01-c35a-4309-b49a-e03bc279d3c5}</UniqueIdentifier>
    </Filter>
    <Filter Include="Header Files\Interfaces">
      <UniqueIdentifier>{c4c26dd2-09c0-4b4e-b40f-700228abbce5}</UniqueIdentifier>
    </Filter>
    <Filter Include="Header Files\Concrete">
      <UniqueIdentifier>{56f9f060-826a-4028-b753-3d5d8b9c5c04}</UniqueIdentifier>
    </Filter>
  </ItemGroup>
</Project>